
Microsoft Visual Studio Solution File, Format Version 12.00
# Visual Studio Version 17
VisualStudioVersion = 17.5.33530.505
MinimumVisualStudioVersion = 10.0.40219.1
Project("{9A19103F-16F7-4668-BE54-9A1E7A4F7556}") = "TehnoTestVk.API", "TehnoTestVk.API\TehnoTestVk.API.csproj", "{59DE3825-10E3-481F-9648-ACAADB757D40}"
EndProject
Project("{FAE04EC0-301F-11D3-BF4B-00C04F79EFBC}") = "TechnoTestVk.DAL", "TechnoTestVk.DAL\TechnoTestVk.DAL.csproj", "{1911DC62-CFE7-466A-92BA-F28F10177D19}"
EndProject
Project("{FAE04EC0-301F-11D3-BF4B-00C04F79EFBC}") = "Core", "Core\Core.csproj", "{FD5EAD43-1AFA-4DFD-94C9-63DC40BFFFFF}"
EndProject
Project("{FAE04EC0-301F-11D3-BF4B-00C04F79EFBC}") = "TehnoTest.BLL", "TehnoTest.BLL\TehnoTest.BLL.csproj", "{E9B2AF32-77A8-4FC0-9873-9C28EE34E668}"
EndProject
Global
	GlobalSection(SolutionConfigurationPlatforms) = preSolution
		Debug|Any CPU = Debug|Any CPU
		Release|Any CPU = Release|Any CPU
	EndGlobalSection
	GlobalSection(ProjectConfigurationPlatforms) = postSolution
		{59DE3825-10E3-481F-9648-ACAADB757D40}.Debug|Any CPU.ActiveCfg = Debug|Any CPU
		{59DE3825-10E3-481F-9648-ACAADB757D40}.Debug|Any CPU.Build.0 = Debug|Any CPU
		{59DE3825-10E3-481F-9648-ACAADB757D40}.Release|Any CPU.ActiveCfg = Release|Any CPU
		{59DE3825-10E3-481F-9648-ACAADB757D40}.Release|Any CPU.Build.0 = Release|Any CPU
		{1911DC62-CFE7-466A-92BA-F28F10177D19}.Debug|Any CPU.ActiveCfg = Debug|Any CPU
		{1911DC62-CFE7-466A-92BA-F28F10177D19}.Debug|Any CPU.Build.0 = Debug|Any CPU
		{1911DC62-CFE7-466A-92BA-F28F10177D19}.Release|Any CPU.ActiveCfg = Release|Any CPU
		{1911DC62-CFE7-466A-92BA-F28F10177D19}.Release|Any CPU.Build.0 = Release|Any CPU
		{FD5EAD43-1AFA-4DFD-94C9-63DC40BFFFFF}.Debug|Any CPU.ActiveCfg = Debug|Any CPU
		{FD5EAD43-1AFA-4DFD-94C9-63DC40BFFFFF}.Debug|Any CPU.Build.0 = Debug|Any CPU
		{FD5EAD43-1AFA-4DFD-94C9-63DC40BFFFFF}.Release|Any CPU.ActiveCfg = Release|Any CPU
		{FD5EAD43-1AFA-4DFD-94C9-63DC40BFFFFF}.Release|Any CPU.Build.0 = Release|Any CPU
		{E9B2AF32-77A8-4FC0-9873-9C28EE34E668}.Debug|Any CPU.ActiveCfg = Debug|Any CPU
		{E9B2AF32-77A8-4FC0-9873-9C28EE34E668}.Debug|Any CPU.Build.0 = Debug|Any CPU
		{E9B2AF32-77A8-4FC0-9873-9C28EE34E668}.Release|Any CPU.ActiveCfg = Release|Any CPU
		{E9B2AF32-77A8-4FC0-9873-9C28EE34E668}.Release|Any CPU.Build.0 = Release|Any CPU
	EndGlobalSection
	GlobalSection(SolutionProperties) = preSolution
		HideSolutionNode = FALSE
	EndGlobalSection
	GlobalSection(ExtensibilityGlobals) = postSolution
		SolutionGuid = {F4D298CA-3CA1-4A2B-A122-01A467459780}
	EndGlobalSection
EndGlobal
